// !$*UTF8*$!
{
	archiveVersion = 1;
	classes = {
	};
	objectVersion = 51;
	objects = {

/* Begin PBXBuildFile section */
		15A0B9A085D2D3DAEF782E93 /* Pods_VitaeTests.framework in Frameworks */ = {isa = PBXBuildFile; fileRef = 2E3ED94407FECB428508B345 /* Pods_VitaeTests.framework */; };
		2201DD2723DCD592007C4E7B /* CameraController.swift in Sources */ = {isa = PBXBuildFile; fileRef = 2201DD2623DCD592007C4E7B /* CameraController.swift */; };
		2234115F23DD59670050D55C /* Species.swift in Sources */ = {isa = PBXBuildFile; fileRef = 2234115E23DD59670050D55C /* Species.swift */; };
		22D9E50E23DD36330097109F /* GoogleService-Info.plist in Resources */ = {isa = PBXBuildFile; fileRef = 22D9E50D23DD36330097109F /* GoogleService-Info.plist */; };
		22E627CA23DCB0C900BE5818 /* AppDelegate.swift in Sources */ = {isa = PBXBuildFile; fileRef = 22E627C923DCB0C900BE5818 /* AppDelegate.swift */; };
		22E627CC23DCB0C900BE5818 /* SceneDelegate.swift in Sources */ = {isa = PBXBuildFile; fileRef = 22E627CB23DCB0C900BE5818 /* SceneDelegate.swift */; };
		22E627D023DCB0C900BE5818 /* Assets.xcassets in Resources */ = {isa = PBXBuildFile; fileRef = 22E627CF23DCB0C900BE5818 /* Assets.xcassets */; };
		22E627D323DCB0C900BE5818 /* Preview Assets.xcassets in Resources */ = {isa = PBXBuildFile; fileRef = 22E627D223DCB0C900BE5818 /* Preview Assets.xcassets */; };
		22E627D623DCB0C900BE5818 /* LaunchScreen.storyboard in Resources */ = {isa = PBXBuildFile; fileRef = 22E627D423DCB0C900BE5818 /* LaunchScreen.storyboard */; };
		22E627E123DCB0CA00BE5818 /* VitaeTests.swift in Sources */ = {isa = PBXBuildFile; fileRef = 22E627E023DCB0CA00BE5818 /* VitaeTests.swift */; };
		22E627EC23DCB0CA00BE5818 /* VitaeUITests.swift in Sources */ = {isa = PBXBuildFile; fileRef = 22E627EB23DCB0CA00BE5818 /* VitaeUITests.swift */; };
		22E6283623DCC0C400BE5818 /* Extensions.swift in Sources */ = {isa = PBXBuildFile; fileRef = 22E6283523DCC0C400BE5818 /* Extensions.swift */; };
		22E6283823DCC1A500BE5818 /* TabBarController.swift in Sources */ = {isa = PBXBuildFile; fileRef = 22E6283723DCC1A500BE5818 /* TabBarController.swift */; };
		22E6283A23DCC26800BE5818 /* LeaderboardController.swift in Sources */ = {isa = PBXBuildFile; fileRef = 22E6283923DCC26800BE5818 /* LeaderboardController.swift */; };
		22E6283E23DCC72B00BE5818 /* User.swift in Sources */ = {isa = PBXBuildFile; fileRef = 22E6283D23DCC72B00BE5818 /* User.swift */; };
		22E6284523DCC77200BE5818 /* LeaderboardCell.swift in Sources */ = {isa = PBXBuildFile; fileRef = 22E6284423DCC77200BE5818 /* LeaderboardCell.swift */; };
		920A09DD23DD36E90020418A /* MapController.swift in Sources */ = {isa = PBXBuildFile; fileRef = 920A09DC23DD36E90020418A /* MapController.swift */; };
		92E1D0F523DD57940084D1D8 /* EntityInfoController.swift in Sources */ = {isa = PBXBuildFile; fileRef = 92E1D0F423DD57940084D1D8 /* EntityInfoController.swift */; };
		B1ADC88D46BA397D0F42269E /* Pods_VitaeUITests.framework in Frameworks */ = {isa = PBXBuildFile; fileRef = CB55D86026C78EE52ECDEF33 /* Pods_VitaeUITests.framework */; };
		BAEE8016528DAD42049585A1 /* Pods_Vitae.framework in Frameworks */ = {isa = PBXBuildFile; fileRef = 112D90823B13A94D91FBC951 /* Pods_Vitae.framework */; };
/* End PBXBuildFile section */

/* Begin PBXContainerItemProxy section */
		22E627DD23DCB0C900BE5818 /* PBXContainerItemProxy */ = {
			isa = PBXContainerItemProxy;
			containerPortal = 22E627BE23DCB0C800BE5818 /* Project object */;
			proxyType = 1;
			remoteGlobalIDString = 22E627C523DCB0C900BE5818;
			remoteInfo = Vitae;
		};
		22E627E823DCB0CA00BE5818 /* PBXContainerItemProxy */ = {
			isa = PBXContainerItemProxy;
			containerPortal = 22E627BE23DCB0C800BE5818 /* Project object */;
			proxyType = 1;
			remoteGlobalIDString = 22E627C523DCB0C900BE5818;
			remoteInfo = Vitae;
		};
/* End PBXContainerItemProxy section */

/* Begin PBXFileReference section */
		112D90823B13A94D91FBC951 /* Pods_Vitae.framework */ = {isa = PBXFileReference; explicitFileType = wrapper.framework; includeInIndex = 0; path = Pods_Vitae.framework; sourceTree = BUILT_PRODUCTS_DIR; };
		201487ECB12183571E35F493 /* Pods-VitaeUITests.debug.xcconfig */ = {isa = PBXFileReference; includeInIndex = 1; lastKnownFileType = text.xcconfig; name = "Pods-VitaeUITests.debug.xcconfig"; path = "Target Support Files/Pods-VitaeUITests/Pods-VitaeUITests.debug.xcconfig"; sourceTree = "<group>"; };
		2201DD2623DCD592007C4E7B /* CameraController.swift */ = {isa = PBXFileReference; lastKnownFileType = sourcecode.swift; path = CameraController.swift; sourceTree = "<group>"; };
		2234115E23DD59670050D55C /* Species.swift */ = {isa = PBXFileReference; lastKnownFileType = sourcecode.swift; path = Species.swift; sourceTree = "<group>"; };
		22D9E50D23DD36330097109F /* GoogleService-Info.plist */ = {isa = PBXFileReference; fileEncoding = 4; lastKnownFileType = text.plist.xml; path = "GoogleService-Info.plist"; sourceTree = "<group>"; };
		22E627C623DCB0C900BE5818 /* Vitae.app */ = {isa = PBXFileReference; explicitFileType = wrapper.application; includeInIndex = 0; path = Vitae.app; sourceTree = BUILT_PRODUCTS_DIR; };
		22E627C923DCB0C900BE5818 /* AppDelegate.swift */ = {isa = PBXFileReference; lastKnownFileType = sourcecode.swift; path = AppDelegate.swift; sourceTree = "<group>"; };
		22E627CB23DCB0C900BE5818 /* SceneDelegate.swift */ = {isa = PBXFileReference; lastKnownFileType = sourcecode.swift; path = SceneDelegate.swift; sourceTree = "<group>"; };
		22E627CF23DCB0C900BE5818 /* Assets.xcassets */ = {isa = PBXFileReference; lastKnownFileType = folder.assetcatalog; path = Assets.xcassets; sourceTree = "<group>"; };
		22E627D223DCB0C900BE5818 /* Preview Assets.xcassets */ = {isa = PBXFileReference; lastKnownFileType = folder.assetcatalog; path = "Preview Assets.xcassets"; sourceTree = "<group>"; };
		22E627D523DCB0C900BE5818 /* Base */ = {isa = PBXFileReference; lastKnownFileType = file.storyboard; name = Base; path = Base.lproj/LaunchScreen.storyboard; sourceTree = "<group>"; };
		22E627D723DCB0C900BE5818 /* Info.plist */ = {isa = PBXFileReference; lastKnownFileType = text.plist.xml; path = Info.plist; sourceTree = "<group>"; };
		22E627DC23DCB0C900BE5818 /* VitaeTests.xctest */ = {isa = PBXFileReference; explicitFileType = wrapper.cfbundle; includeInIndex = 0; path = VitaeTests.xctest; sourceTree = BUILT_PRODUCTS_DIR; };
		22E627E023DCB0CA00BE5818 /* VitaeTests.swift */ = {isa = PBXFileReference; lastKnownFileType = sourcecode.swift; path = VitaeTests.swift; sourceTree = "<group>"; };
		22E627E223DCB0CA00BE5818 /* Info.plist */ = {isa = PBXFileReference; lastKnownFileType = text.plist.xml; path = Info.plist; sourceTree = "<group>"; };
		22E627E723DCB0CA00BE5818 /* VitaeUITests.xctest */ = {isa = PBXFileReference; explicitFileType = wrapper.cfbundle; includeInIndex = 0; path = VitaeUITests.xctest; sourceTree = BUILT_PRODUCTS_DIR; };
		22E627EB23DCB0CA00BE5818 /* VitaeUITests.swift */ = {isa = PBXFileReference; lastKnownFileType = sourcecode.swift; path = VitaeUITests.swift; sourceTree = "<group>"; };
		22E627ED23DCB0CA00BE5818 /* Info.plist */ = {isa = PBXFileReference; lastKnownFileType = text.plist.xml; path = Info.plist; sourceTree = "<group>"; };
		22E6283523DCC0C400BE5818 /* Extensions.swift */ = {isa = PBXFileReference; lastKnownFileType = sourcecode.swift; path = Extensions.swift; sourceTree = "<group>"; };
		22E6283723DCC1A500BE5818 /* TabBarController.swift */ = {isa = PBXFileReference; lastKnownFileType = sourcecode.swift; path = TabBarController.swift; sourceTree = "<group>"; };
		22E6283923DCC26800BE5818 /* LeaderboardController.swift */ = {isa = PBXFileReference; lastKnownFileType = sourcecode.swift; path = LeaderboardController.swift; sourceTree = "<group>"; };
		22E6283D23DCC72B00BE5818 /* User.swift */ = {isa = PBXFileReference; lastKnownFileType = sourcecode.swift; path = User.swift; sourceTree = "<group>"; };
		22E6284423DCC77200BE5818 /* LeaderboardCell.swift */ = {isa = PBXFileReference; lastKnownFileType = sourcecode.swift; path = LeaderboardCell.swift; sourceTree = "<group>"; };
		2E3ED94407FECB428508B345 /* Pods_VitaeTests.framework */ = {isa = PBXFileReference; explicitFileType = wrapper.framework; includeInIndex = 0; path = Pods_VitaeTests.framework; sourceTree = BUILT_PRODUCTS_DIR; };
		3CAA910D844D6009DE94391B /* Pods-Vitae.release.xcconfig */ = {isa = PBXFileReference; includeInIndex = 1; lastKnownFileType = text.xcconfig; name = "Pods-Vitae.release.xcconfig"; path = "Target Support Files/Pods-Vitae/Pods-Vitae.release.xcconfig"; sourceTree = "<group>"; };
		920A09DC23DD36E90020418A /* MapController.swift */ = {isa = PBXFileReference; lastKnownFileType = sourcecode.swift; path = MapController.swift; sourceTree = "<group>"; };
		92E1D0F423DD57940084D1D8 /* EntityInfoController.swift */ = {isa = PBXFileReference; lastKnownFileType = sourcecode.swift; path = EntityInfoController.swift; sourceTree = "<group>"; };
		AF2E8621384BB801F40ADB1C /* Pods-VitaeTests.debug.xcconfig */ = {isa = PBXFileReference; includeInIndex = 1; lastKnownFileType = text.xcconfig; name = "Pods-VitaeTests.debug.xcconfig"; path = "Target Support Files/Pods-VitaeTests/Pods-VitaeTests.debug.xcconfig"; sourceTree = "<group>"; };
		B1FF27BCBFBAAB79E4D7832B /* Pods-Vitae.debug.xcconfig */ = {isa = PBXFileReference; includeInIndex = 1; lastKnownFileType = text.xcconfig; name = "Pods-Vitae.debug.xcconfig"; path = "Target Support Files/Pods-Vitae/Pods-Vitae.debug.xcconfig"; sourceTree = "<group>"; };
		C48187D338DFC1A0138FBB05 /* Pods-VitaeTests.release.xcconfig */ = {isa = PBXFileReference; includeInIndex = 1; lastKnownFileType = text.xcconfig; name = "Pods-VitaeTests.release.xcconfig"; path = "Target Support Files/Pods-VitaeTests/Pods-VitaeTests.release.xcconfig"; sourceTree = "<group>"; };
		CB55D86026C78EE52ECDEF33 /* Pods_VitaeUITests.framework */ = {isa = PBXFileReference; explicitFileType = wrapper.framework; includeInIndex = 0; path = Pods_VitaeUITests.framework; sourceTree = BUILT_PRODUCTS_DIR; };
		DE1A856A2EA71DD702B6CEB0 /* Pods-VitaeUITests.release.xcconfig */ = {isa = PBXFileReference; includeInIndex = 1; lastKnownFileType = text.xcconfig; name = "Pods-VitaeUITests.release.xcconfig"; path = "Target Support Files/Pods-VitaeUITests/Pods-VitaeUITests.release.xcconfig"; sourceTree = "<group>"; };
/* End PBXFileReference section */

/* Begin PBXFrameworksBuildPhase section */
		22E627C323DCB0C900BE5818 /* Frameworks */ = {
			isa = PBXFrameworksBuildPhase;
			buildActionMask = 2147483647;
			files = (
				BAEE8016528DAD42049585A1 /* Pods_Vitae.framework in Frameworks */,
			);
			runOnlyForDeploymentPostprocessing = 0;
		};
		22E627D923DCB0C900BE5818 /* Frameworks */ = {
			isa = PBXFrameworksBuildPhase;
			buildActionMask = 2147483647;
			files = (
				15A0B9A085D2D3DAEF782E93 /* Pods_VitaeTests.framework in Frameworks */,
			);
			runOnlyForDeploymentPostprocessing = 0;
		};
		22E627E423DCB0CA00BE5818 /* Frameworks */ = {
			isa = PBXFrameworksBuildPhase;
			buildActionMask = 2147483647;
			files = (
				B1ADC88D46BA397D0F42269E /* Pods_VitaeUITests.framework in Frameworks */,
			);
			runOnlyForDeploymentPostprocessing = 0;
		};
/* End PBXFrameworksBuildPhase section */

/* Begin PBXGroup section */
		22E627BD23DCB0C800BE5818 = {
			isa = PBXGroup;
			children = (
				22E627C823DCB0C900BE5818 /* Vitae */,
				22E627DF23DCB0CA00BE5818 /* VitaeTests */,
				22E627EA23DCB0CA00BE5818 /* VitaeUITests */,
				22E627C723DCB0C900BE5818 /* Products */,
				34EAA12A83F5257E7FB46982 /* Pods */,
				B28C96C7C674A27CED17A2D3 /* Frameworks */,
			);
			sourceTree = "<group>";
		};
		22E627C723DCB0C900BE5818 /* Products */ = {
			isa = PBXGroup;
			children = (
				22E627C623DCB0C900BE5818 /* Vitae.app */,
				22E627DC23DCB0C900BE5818 /* VitaeTests.xctest */,
				22E627E723DCB0CA00BE5818 /* VitaeUITests.xctest */,
			);
			name = Products;
			sourceTree = "<group>";
		};
		22E627C823DCB0C900BE5818 /* Vitae */ = {
			isa = PBXGroup;
			children = (
				22E627C923DCB0C900BE5818 /* AppDelegate.swift */,
				22D9E50D23DD36330097109F /* GoogleService-Info.plist */,
				22E627CB23DCB0C900BE5818 /* SceneDelegate.swift */,
				22E6284323DCC75100BE5818 /* Controller */,
				22E6284223DCC74900BE5818 /* Model */,
				22E6284123DCC74100BE5818 /* Cell */,
				22E627CF23DCB0C900BE5818 /* Assets.xcassets */,
				22E627D423DCB0C900BE5818 /* LaunchScreen.storyboard */,
				22E627D723DCB0C900BE5818 /* Info.plist */,
				22E627D123DCB0C900BE5818 /* Preview Content */,
				22E6283523DCC0C400BE5818 /* Extensions.swift */,
			);
			path = Vitae;
			sourceTree = "<group>";
		};
		22E627D123DCB0C900BE5818 /* Preview Content */ = {
			isa = PBXGroup;
			children = (
				22E627D223DCB0C900BE5818 /* Preview Assets.xcassets */,
			);
			path = "Preview Content";
			sourceTree = "<group>";
		};
		22E627DF23DCB0CA00BE5818 /* VitaeTests */ = {
			isa = PBXGroup;
			children = (
				22E627E023DCB0CA00BE5818 /* VitaeTests.swift */,
				22E627E223DCB0CA00BE5818 /* Info.plist */,
			);
			path = VitaeTests;
			sourceTree = "<group>";
		};
		22E627EA23DCB0CA00BE5818 /* VitaeUITests */ = {
			isa = PBXGroup;
			children = (
				22E627EB23DCB0CA00BE5818 /* VitaeUITests.swift */,
				22E627ED23DCB0CA00BE5818 /* Info.plist */,
			);
			path = VitaeUITests;
			sourceTree = "<group>";
		};
		22E6284123DCC74100BE5818 /* Cell */ = {
			isa = PBXGroup;
			children = (
				22E6284423DCC77200BE5818 /* LeaderboardCell.swift */,
			);
			path = Cell;
			sourceTree = "<group>";
		};
		22E6284223DCC74900BE5818 /* Model */ = {
			isa = PBXGroup;
			children = (
				22E6283D23DCC72B00BE5818 /* User.swift */,
				2234115E23DD59670050D55C /* Species.swift */,
			);
			path = Model;
			sourceTree = "<group>";
		};
		22E6284323DCC75100BE5818 /* Controller */ = {
			isa = PBXGroup;
			children = (
				22E6283723DCC1A500BE5818 /* TabBarController.swift */,
				22E6283923DCC26800BE5818 /* LeaderboardController.swift */,
				2201DD2623DCD592007C4E7B /* CameraController.swift */,
				920A09DC23DD36E90020418A /* MapController.swift */,
				92E1D0F423DD57940084D1D8 /* EntityInfoController.swift */,
			);
			path = Controller;
			sourceTree = "<group>";
		};
		34EAA12A83F5257E7FB46982 /* Pods */ = {
			isa = PBXGroup;
			children = (
				B1FF27BCBFBAAB79E4D7832B /* Pods-Vitae.debug.xcconfig */,
				3CAA910D844D6009DE94391B /* Pods-Vitae.release.xcconfig */,
				AF2E8621384BB801F40ADB1C /* Pods-VitaeTests.debug.xcconfig */,
				C48187D338DFC1A0138FBB05 /* Pods-VitaeTests.release.xcconfig */,
				201487ECB12183571E35F493 /* Pods-VitaeUITests.debug.xcconfig */,
				DE1A856A2EA71DD702B6CEB0 /* Pods-VitaeUITests.release.xcconfig */,
			);
			path = Pods;
			sourceTree = "<group>";
		};
		B28C96C7C674A27CED17A2D3 /* Frameworks */ = {
			isa = PBXGroup;
			children = (
				112D90823B13A94D91FBC951 /* Pods_Vitae.framework */,
				2E3ED94407FECB428508B345 /* Pods_VitaeTests.framework */,
				CB55D86026C78EE52ECDEF33 /* Pods_VitaeUITests.framework */,
			);
			name = Frameworks;
			sourceTree = "<group>";
		};
/* End PBXGroup section */

/* Begin PBXNativeTarget section */
		22E627C523DCB0C900BE5818 /* Vitae */ = {
			isa = PBXNativeTarget;
			buildConfigurationList = 22E627F023DCB0CA00BE5818 /* Build configuration list for PBXNativeTarget "Vitae" */;
			buildPhases = (
				C053B46719FFD8AC91ED2DE2 /* [CP] Check Pods Manifest.lock */,
				22E627C223DCB0C900BE5818 /* Sources */,
				22E627C323DCB0C900BE5818 /* Frameworks */,
				22E627C423DCB0C900BE5818 /* Resources */,
				814A53EA6A479DA6C0067FAF /* [CP] Embed Pods Frameworks */,
			);
			buildRules = (
			);
			dependencies = (
			);
			name = Vitae;
			productName = Vitae;
			productReference = 22E627C623DCB0C900BE5818 /* Vitae.app */;
			productType = "com.apple.product-type.application";
		};
		22E627DB23DCB0C900BE5818 /* VitaeTests */ = {
			isa = PBXNativeTarget;
			buildConfigurationList = 22E627F323DCB0CA00BE5818 /* Build configuration list for PBXNativeTarget "VitaeTests" */;
			buildPhases = (
				05D4184BF4D73A89A1DC8D1B /* [CP] Check Pods Manifest.lock */,
				22E627D823DCB0C900BE5818 /* Sources */,
				22E627D923DCB0C900BE5818 /* Frameworks */,
				22E627DA23DCB0C900BE5818 /* Resources */,
			);
			buildRules = (
			);
			dependencies = (
				22E627DE23DCB0C900BE5818 /* PBXTargetDependency */,
			);
			name = VitaeTests;
			productName = VitaeTests;
			productReference = 22E627DC23DCB0C900BE5818 /* VitaeTests.xctest */;
			productType = "com.apple.product-type.bundle.unit-test";
		};
		22E627E623DCB0CA00BE5818 /* VitaeUITests */ = {
			isa = PBXNativeTarget;
			buildConfigurationList = 22E627F623DCB0CA00BE5818 /* Build configuration list for PBXNativeTarget "VitaeUITests" */;
			buildPhases = (
				53BCC1CD86AEFBCD66271173 /* [CP] Check Pods Manifest.lock */,
				22E627E323DCB0CA00BE5818 /* Sources */,
				22E627E423DCB0CA00BE5818 /* Frameworks */,
				22E627E523DCB0CA00BE5818 /* Resources */,
			);
			buildRules = (
			);
			dependencies = (
				22E627E923DCB0CA00BE5818 /* PBXTargetDependency */,
			);
			name = VitaeUITests;
			productName = VitaeUITests;
			productReference = 22E627E723DCB0CA00BE5818 /* VitaeUITests.xctest */;
			productType = "com.apple.product-type.bundle.ui-testing";
		};
/* End PBXNativeTarget section */

/* Begin PBXProject section */
		22E627BE23DCB0C800BE5818 /* Project object */ = {
			isa = PBXProject;
			attributes = {
				LastSwiftUpdateCheck = 1130;
				LastUpgradeCheck = 1130;
				ORGANIZATIONNAME = AVS;
				TargetAttributes = {
					22E627C523DCB0C900BE5818 = {
						CreatedOnToolsVersion = 11.3.1;
					};
					22E627DB23DCB0C900BE5818 = {
						CreatedOnToolsVersion = 11.3.1;
						TestTargetID = 22E627C523DCB0C900BE5818;
					};
					22E627E623DCB0CA00BE5818 = {
						CreatedOnToolsVersion = 11.3.1;
						TestTargetID = 22E627C523DCB0C900BE5818;
					};
				};
			};
			buildConfigurationList = 22E627C123DCB0C800BE5818 /* Build configuration list for PBXProject "Vitae" */;
			compatibilityVersion = "Xcode 9.3";
			developmentRegion = en;
			hasScannedForEncodings = 0;
			knownRegions = (
				en,
				Base,
			);
			mainGroup = 22E627BD23DCB0C800BE5818;
			productRefGroup = 22E627C723DCB0C900BE5818 /* Products */;
			projectDirPath = "";
			projectRoot = "";
			targets = (
				22E627C523DCB0C900BE5818 /* Vitae */,
				22E627DB23DCB0C900BE5818 /* VitaeTests */,
				22E627E623DCB0CA00BE5818 /* VitaeUITests */,
			);
		};
/* End PBXProject section */

/* Begin PBXResourcesBuildPhase section */
		22E627C423DCB0C900BE5818 /* Resources */ = {
			isa = PBXResourcesBuildPhase;
			buildActionMask = 2147483647;
			files = (
				22E627D623DCB0C900BE5818 /* LaunchScreen.storyboard in Resources */,
				22D9E50E23DD36330097109F /* GoogleService-Info.plist in Resources */,
				22E627D323DCB0C900BE5818 /* Preview Assets.xcassets in Resources */,
				22E627D023DCB0C900BE5818 /* Assets.xcassets in Resources */,
			);
			runOnlyForDeploymentPostprocessing = 0;
		};
		22E627DA23DCB0C900BE5818 /* Resources */ = {
			isa = PBXResourcesBuildPhase;
			buildActionMask = 2147483647;
			files = (
			);
			runOnlyForDeploymentPostprocessing = 0;
		};
		22E627E523DCB0CA00BE5818 /* Resources */ = {
			isa = PBXResourcesBuildPhase;
			buildActionMask = 2147483647;
			files = (
			);
			runOnlyForDeploymentPostprocessing = 0;
		};
/* End PBXResourcesBuildPhase section */

/* Begin PBXShellScriptBuildPhase section */
		05D4184BF4D73A89A1DC8D1B /* [CP] Check Pods Manifest.lock */ = {
			isa = PBXShellScriptBuildPhase;
			buildActionMask = 2147483647;
			files = (
			);
			inputFileListPaths = (
			);
			inputPaths = (
				"${PODS_PODFILE_DIR_PATH}/Podfile.lock",
				"${PODS_ROOT}/Manifest.lock",
			);
			name = "[CP] Check Pods Manifest.lock";
			outputFileListPaths = (
			);
			outputPaths = (
				"$(DERIVED_FILE_DIR)/Pods-VitaeTests-checkManifestLockResult.txt",
			);
			runOnlyForDeploymentPostprocessing = 0;
			shellPath = /bin/sh;
			shellScript = "diff \"${PODS_PODFILE_DIR_PATH}/Podfile.lock\" \"${PODS_ROOT}/Manifest.lock\" > /dev/null\nif [ $? != 0 ] ; then\n    # print error to STDERR\n    echo \"error: The sandbox is not in sync with the Podfile.lock. Run 'pod install' or update your CocoaPods installation.\" >&2\n    exit 1\nfi\n# This output is used by Xcode 'outputs' to avoid re-running this script phase.\necho \"SUCCESS\" > \"${SCRIPT_OUTPUT_FILE_0}\"\n";
			showEnvVarsInLog = 0;
		};
		53BCC1CD86AEFBCD66271173 /* [CP] Check Pods Manifest.lock */ = {
			isa = PBXShellScriptBuildPhase;
			buildActionMask = 2147483647;
			files = (
			);
			inputFileListPaths = (
			);
			inputPaths = (
				"${PODS_PODFILE_DIR_PATH}/Podfile.lock",
				"${PODS_ROOT}/Manifest.lock",
			);
			name = "[CP] Check Pods Manifest.lock";
			outputFileListPaths = (
			);
			outputPaths = (
				"$(DERIVED_FILE_DIR)/Pods-VitaeUITests-checkManifestLockResult.txt",
			);
			runOnlyForDeploymentPostprocessing = 0;
			shellPath = /bin/sh;
			shellScript = "diff \"${PODS_PODFILE_DIR_PATH}/Podfile.lock\" \"${PODS_ROOT}/Manifest.lock\" > /dev/null\nif [ $? != 0 ] ; then\n    # print error to STDERR\n    echo \"error: The sandbox is not in sync with the Podfile.lock. Run 'pod install' or update your CocoaPods installation.\" >&2\n    exit 1\nfi\n# This output is used by Xcode 'outputs' to avoid re-running this script phase.\necho \"SUCCESS\" > \"${SCRIPT_OUTPUT_FILE_0}\"\n";
			showEnvVarsInLog = 0;
		};
		814A53EA6A479DA6C0067FAF /* [CP] Embed Pods Frameworks */ = {
			isa = PBXShellScriptBuildPhase;
			buildActionMask = 2147483647;
			files = (
			);
			inputFileListPaths = (
				"${PODS_ROOT}/Target Support Files/Pods-Vitae/Pods-Vitae-frameworks-${CONFIGURATION}-input-files.xcfilelist",
			);
			name = "[CP] Embed Pods Frameworks";
			outputFileListPaths = (
				"${PODS_ROOT}/Target Support Files/Pods-Vitae/Pods-Vitae-frameworks-${CONFIGURATION}-output-files.xcfilelist",
			);
			runOnlyForDeploymentPostprocessing = 0;
			shellPath = /bin/sh;
			shellScript = "\"${PODS_ROOT}/Target Support Files/Pods-Vitae/Pods-Vitae-frameworks.sh\"\n";
			showEnvVarsInLog = 0;
		};
		C053B46719FFD8AC91ED2DE2 /* [CP] Check Pods Manifest.lock */ = {
			isa = PBXShellScriptBuildPhase;
			buildActionMask = 2147483647;
			files = (
			);
			inputFileListPaths = (
			);
			inputPaths = (
				"${PODS_PODFILE_DIR_PATH}/Podfile.lock",
				"${PODS_ROOT}/Manifest.lock",
			);
			name = "[CP] Check Pods Manifest.lock";
			outputFileListPaths = (
			);
			outputPaths = (
				"$(DERIVED_FILE_DIR)/Pods-Vitae-checkManifestLockResult.txt",
			);
			runOnlyForDeploymentPostprocessing = 0;
			shellPath = /bin/sh;
			shellScript = "diff \"${PODS_PODFILE_DIR_PATH}/Podfile.lock\" \"${PODS_ROOT}/Manifest.lock\" > /dev/null\nif [ $? != 0 ] ; then\n    # print error to STDERR\n    echo \"error: The sandbox is not in sync with the Podfile.lock. Run 'pod install' or update your CocoaPods installation.\" >&2\n    exit 1\nfi\n# This output is used by Xcode 'outputs' to avoid re-running this script phase.\necho \"SUCCESS\" > \"${SCRIPT_OUTPUT_FILE_0}\"\n";
			showEnvVarsInLog = 0;
		};
/* End PBXShellScriptBuildPhase section */

/* Begin PBXSourcesBuildPhase section */
		22E627C223DCB0C900BE5818 /* Sources */ = {
			isa = PBXSourcesBuildPhase;
			buildActionMask = 2147483647;
			files = (
				2201DD2723DCD592007C4E7B /* CameraController.swift in Sources */,
				22E6284523DCC77200BE5818 /* LeaderboardCell.swift in Sources */,
				2234115F23DD59670050D55C /* Species.swift in Sources */,
				22E6283A23DCC26800BE5818 /* LeaderboardController.swift in Sources */,
				92E1D0F523DD57940084D1D8 /* EntityInfoController.swift in Sources */,
				22E627CA23DCB0C900BE5818 /* AppDelegate.swift in Sources */,
				22E6283823DCC1A500BE5818 /* TabBarController.swift in Sources */,
				22E627CC23DCB0C900BE5818 /* SceneDelegate.swift in Sources */,
				22E6283623DCC0C400BE5818 /* Extensions.swift in Sources */,
				920A09DD23DD36E90020418A /* MapController.swift in Sources */,
				22E6283E23DCC72B00BE5818 /* User.swift in Sources */,
			);
			runOnlyForDeploymentPostprocessing = 0;
		};
		22E627D823DCB0C900BE5818 /* Sources */ = {
			isa = PBXSourcesBuildPhase;
			buildActionMask = 2147483647;
			files = (
				22E627E123DCB0CA00BE5818 /* VitaeTests.swift in Sources */,
			);
			runOnlyForDeploymentPostprocessing = 0;
		};
		22E627E323DCB0CA00BE5818 /* Sources */ = {
			isa = PBXSourcesBuildPhase;
			buildActionMask = 2147483647;
			files = (
				22E627EC23DCB0CA00BE5818 /* VitaeUITests.swift in Sources */,
			);
			runOnlyForDeploymentPostprocessing = 0;
		};
/* End PBXSourcesBuildPhase section */

/* Begin PBXTargetDependency section */
		22E627DE23DCB0C900BE5818 /* PBXTargetDependency */ = {
			isa = PBXTargetDependency;
			target = 22E627C523DCB0C900BE5818 /* Vitae */;
			targetProxy = 22E627DD23DCB0C900BE5818 /* PBXContainerItemProxy */;
		};
		22E627E923DCB0CA00BE5818 /* PBXTargetDependency */ = {
			isa = PBXTargetDependency;
			target = 22E627C523DCB0C900BE5818 /* Vitae */;
			targetProxy = 22E627E823DCB0CA00BE5818 /* PBXContainerItemProxy */;
		};
/* End PBXTargetDependency section */

/* Begin PBXVariantGroup section */
		22E627D423DCB0C900BE5818 /* LaunchScreen.storyboard */ = {
			isa = PBXVariantGroup;
			children = (
				22E627D523DCB0C900BE5818 /* Base */,
			);
			name = LaunchScreen.storyboard;
			sourceTree = "<group>";
		};
/* End PBXVariantGroup section */

/* Begin XCBuildConfiguration section */
		22E627EE23DCB0CA00BE5818 /* Debug */ = {
			isa = XCBuildConfiguration;
			buildSettings = {
				ALWAYS_SEARCH_USER_PATHS = NO;
				CLANG_ANALYZER_NONNULL = YES;
				CLANG_ANALYZER_NUMBER_OBJECT_CONVERSION = YES_AGGRESSIVE;
				CLANG_CXX_LANGUAGE_STANDARD = "gnu++14";
				CLANG_CXX_LIBRARY = "libc++";
				CLANG_ENABLE_MODULES = YES;
				CLANG_ENABLE_OBJC_ARC = YES;
				CLANG_ENABLE_OBJC_WEAK = YES;
				CLANG_WARN_BLOCK_CAPTURE_AUTORELEASING = YES;
				CLANG_WARN_BOOL_CONVERSION = YES;
				CLANG_WARN_COMMA = YES;
				CLANG_WARN_CONSTANT_CONVERSION = YES;
				CLANG_WARN_DEPRECATED_OBJC_IMPLEMENTATIONS = YES;
				CLANG_WARN_DIRECT_OBJC_ISA_USAGE = YES_ERROR;
				CLANG_WARN_DOCUMENTATION_COMMENTS = YES;
				CLANG_WARN_EMPTY_BODY = YES;
				CLANG_WARN_ENUM_CONVERSION = YES;
				CLANG_WARN_INFINITE_RECURSION = YES;
				CLANG_WARN_INT_CONVERSION = YES;
				CLANG_WARN_NON_LITERAL_NULL_CONVERSION = YES;
				CLANG_WARN_OBJC_IMPLICIT_RETAIN_SELF = YES;
				CLANG_WARN_OBJC_LITERAL_CONVERSION = YES;
				CLANG_WARN_OBJC_ROOT_CLASS = YES_ERROR;
				CLANG_WARN_RANGE_LOOP_ANALYSIS = YES;
				CLANG_WARN_STRICT_PROTOTYPES = YES;
				CLANG_WARN_SUSPICIOUS_MOVE = YES;
				CLANG_WARN_UNGUARDED_AVAILABILITY = YES_AGGRESSIVE;
				CLANG_WARN_UNREACHABLE_CODE = YES;
				CLANG_WARN__DUPLICATE_METHOD_MATCH = YES;
				COPY_PHASE_STRIP = NO;
				DEBUG_INFORMATION_FORMAT = dwarf;
				ENABLE_STRICT_OBJC_MSGSEND = YES;
				ENABLE_TESTABILITY = YES;
				GCC_C_LANGUAGE_STANDARD = gnu11;
				GCC_DYNAMIC_NO_PIC = NO;
				GCC_NO_COMMON_BLOCKS = YES;
				GCC_OPTIMIZATION_LEVEL = 0;
				GCC_PREPROCESSOR_DEFINITIONS = (
					"DEBUG=1",
					"$(inherited)",
				);
				GCC_WARN_64_TO_32_BIT_CONVERSION = YES;
				GCC_WARN_ABOUT_RETURN_TYPE = YES_ERROR;
				GCC_WARN_UNDECLARED_SELECTOR = YES;
				GCC_WARN_UNINITIALIZED_AUTOS = YES_AGGRESSIVE;
				GCC_WARN_UNUSED_FUNCTION = YES;
				GCC_WARN_UNUSED_VARIABLE = YES;
				IPHONEOS_DEPLOYMENT_TARGET = 13.2;
				MTL_ENABLE_DEBUG_INFO = INCLUDE_SOURCE;
				MTL_FAST_MATH = YES;
				ONLY_ACTIVE_ARCH = YES;
				SDKROOT = iphoneos;
				SWIFT_ACTIVE_COMPILATION_CONDITIONS = DEBUG;
				SWIFT_OPTIMIZATION_LEVEL = "-Onone";
			};
			name = Debug;
		};
		22E627EF23DCB0CA00BE5818 /* Release */ = {
			isa = XCBuildConfiguration;
			buildSettings = {
				ALWAYS_SEARCH_USER_PATHS = NO;
				CLANG_ANALYZER_NONNULL = YES;
				CLANG_ANALYZER_NUMBER_OBJECT_CONVERSION = YES_AGGRESSIVE;
				CLANG_CXX_LANGUAGE_STANDARD = "gnu++14";
				CLANG_CXX_LIBRARY = "libc++";
				CLANG_ENABLE_MODULES = YES;
				CLANG_ENABLE_OBJC_ARC = YES;
				CLANG_ENABLE_OBJC_WEAK = YES;
				CLANG_WARN_BLOCK_CAPTURE_AUTORELEASING = YES;
				CLANG_WARN_BOOL_CONVERSION = YES;
				CLANG_WARN_COMMA = YES;
				CLANG_WARN_CONSTANT_CONVERSION = YES;
				CLANG_WARN_DEPRECATED_OBJC_IMPLEMENTATIONS = YES;
				CLANG_WARN_DIRECT_OBJC_ISA_USAGE = YES_ERROR;
				CLANG_WARN_DOCUMENTATION_COMMENTS = YES;
				CLANG_WARN_EMPTY_BODY = YES;
				CLANG_WARN_ENUM_CONVERSION = YES;
				CLANG_WARN_INFINITE_RECURSION = YES;
				CLANG_WARN_INT_CONVERSION = YES;
				CLANG_WARN_NON_LITERAL_NULL_CONVERSION = YES;
				CLANG_WARN_OBJC_IMPLICIT_RETAIN_SELF = YES;
				CLANG_WARN_OBJC_LITERAL_CONVERSION = YES;
				CLANG_WARN_OBJC_ROOT_CLASS = YES_ERROR;
				CLANG_WARN_RANGE_LOOP_ANALYSIS = YES;
				CLANG_WARN_STRICT_PROTOTYPES = YES;
				CLANG_WARN_SUSPICIOUS_MOVE = YES;
				CLANG_WARN_UNGUARDED_AVAILABILITY = YES_AGGRESSIVE;
				CLANG_WARN_UNREACHABLE_CODE = YES;
				CLANG_WARN__DUPLICATE_METHOD_MATCH = YES;
				COPY_PHASE_STRIP = NO;
				DEBUG_INFORMATION_FORMAT = "dwarf-with-dsym";
				ENABLE_NS_ASSERTIONS = NO;
				ENABLE_STRICT_OBJC_MSGSEND = YES;
				GCC_C_LANGUAGE_STANDARD = gnu11;
				GCC_NO_COMMON_BLOCKS = YES;
				GCC_WARN_64_TO_32_BIT_CONVERSION = YES;
				GCC_WARN_ABOUT_RETURN_TYPE = YES_ERROR;
				GCC_WARN_UNDECLARED_SELECTOR = YES;
				GCC_WARN_UNINITIALIZED_AUTOS = YES_AGGRESSIVE;
				GCC_WARN_UNUSED_FUNCTION = YES;
				GCC_WARN_UNUSED_VARIABLE = YES;
				IPHONEOS_DEPLOYMENT_TARGET = 13.2;
				MTL_ENABLE_DEBUG_INFO = NO;
				MTL_FAST_MATH = YES;
				SDKROOT = iphoneos;
				SWIFT_COMPILATION_MODE = wholemodule;
				SWIFT_OPTIMIZATION_LEVEL = "-O";
				VALIDATE_PRODUCT = YES;
			};
			name = Release;
		};
		22E627F123DCB0CA00BE5818 /* Debug */ = {
			isa = XCBuildConfiguration;
			baseConfigurationReference = B1FF27BCBFBAAB79E4D7832B /* Pods-Vitae.debug.xcconfig */;
			buildSettings = {
				ASSETCATALOG_COMPILER_APPICON_NAME = AppIcon;
				CODE_SIGN_STYLE = Automatic;
				DEVELOPMENT_ASSET_PATHS = "\"Vitae/Preview Content\"";
				DEVELOPMENT_TEAM = 8QXX34BUXT;
				ENABLE_PREVIEWS = YES;
				INFOPLIST_FILE = Vitae/Info.plist;
				IPHONEOS_DEPLOYMENT_TARGET = 13.0;
				LD_RUNPATH_SEARCH_PATHS = (
					"$(inherited)",
					"@executable_path/Frameworks",
				);
				PRODUCT_BUNDLE_IDENTIFIER = avs.Vitae;
				PRODUCT_NAME = "$(TARGET_NAME)";
				SWIFT_VERSION = 5.0;
				TARGETED_DEVICE_FAMILY = 1;
			};
			name = Debug;
		};
		22E627F223DCB0CA00BE5818 /* Release */ = {
			isa = XCBuildConfiguration;
			baseConfigurationReference = 3CAA910D844D6009DE94391B /* Pods-Vitae.release.xcconfig */;
			buildSettings = {
				ASSETCATALOG_COMPILER_APPICON_NAME = AppIcon;
				CODE_SIGN_STYLE = Automatic;
				DEVELOPMENT_ASSET_PATHS = "\"Vitae/Preview Content\"";
				DEVELOPMENT_TEAM = 8QXX34BUXT;
				ENABLE_PREVIEWS = YES;
				INFOPLIST_FILE = Vitae/Info.plist;
				IPHONEOS_DEPLOYMENT_TARGET = 13.0;
				LD_RUNPATH_SEARCH_PATHS = (
					"$(inherited)",
					"@executable_path/Frameworks",
				);
				PRODUCT_BUNDLE_IDENTIFIER = avs.Vitae;
				PRODUCT_NAME = "$(TARGET_NAME)";
				SWIFT_VERSION = 5.0;
				TARGETED_DEVICE_FAMILY = 1;
			};
			name = Release;
		};
		22E627F423DCB0CA00BE5818 /* Debug */ = {
			isa = XCBuildConfiguration;
			baseConfigurationReference = AF2E8621384BB801F40ADB1C /* Pods-VitaeTests.debug.xcconfig */;
			buildSettings = {
				ALWAYS_EMBED_SWIFT_STANDARD_LIBRARIES = YES;
				BUNDLE_LOADER = "$(TEST_HOST)";
				CODE_SIGN_STYLE = Automatic;
				DEVELOPMENT_TEAM = 8QXX34BUXT;
				INFOPLIST_FILE = VitaeTests/Info.plist;
				IPHONEOS_DEPLOYMENT_TARGET = 13.2;
				LD_RUNPATH_SEARCH_PATHS = (
					"$(inherited)",
					"@executable_path/Frameworks",
					"@loader_path/Frameworks",
				);
				PRODUCT_BUNDLE_IDENTIFIER = avs.VitaeTests;
				PRODUCT_NAME = "$(TARGET_NAME)";
				SWIFT_VERSION = 5.0;
				TARGETED_DEVICE_FAMILY = "1,2";
				TEST_HOST = "$(BUILT_PRODUCTS_DIR)/Vitae.app/Vitae";
			};
			name = Debug;
		};
		22E627F523DCB0CA00BE5818 /* Release */ = {
			isa = XCBuildConfiguration;
			baseConfigurationReference = C48187D338DFC1A0138FBB05 /* Pods-VitaeTests.release.xcconfig */;
			buildSettings = {
				ALWAYS_EMBED_SWIFT_STANDARD_LIBRARIES = YES;
				BUNDLE_LOADER = "$(TEST_HOST)";
				CODE_SIGN_STYLE = Automatic;
				DEVELOPMENT_TEAM = 8QXX34BUXT;
				INFOPLIST_FILE = VitaeTests/Info.plist;
				IPHONEOS_DEPLOYMENT_TARGET = 13.2;
				LD_RUNPATH_SEARCH_PATHS = (
					"$(inherited)",
					"@executable_path/Frameworks",
					"@loader_path/Frameworks",
				);
				PRODUCT_BUNDLE_IDENTIFIER = avs.VitaeTests;
				PRODUCT_NAME = "$(TARGET_NAME)";
				SWIFT_VERSION = 5.0;
				TARGETED_DEVICE_FAMILY = "1,2";
				TEST_HOST = "$(BUILT_PRODUCTS_DIR)/Vitae.app/Vitae";
			};
			name = Release;
		};
		22E627F723DCB0CA00BE5818 /* Debug */ = {
			isa = XCBuildConfiguration;
			baseConfigurationReference = 201487ECB12183571E35F493 /* Pods-VitaeUITests.debug.xcconfig */;
			buildSettings = {
				ALWAYS_EMBED_SWIFT_STANDARD_LIBRARIES = YES;
				CODE_SIGN_STYLE = Automatic;
				DEVELOPMENT_TEAM = 8QXX34BUXT;
				INFOPLIST_FILE = VitaeUITests/Info.plist;
				LD_RUNPATH_SEARCH_PATHS = (
					"$(inherited)",
					"@executable_path/Frameworks",
					"@loader_path/Frameworks",
				);
				PRODUCT_BUNDLE_IDENTIFIER = avs.VitaeUITests;
				PRODUCT_NAME = "$(TARGET_NAME)";
				SWIFT_VERSION = 5.0;
				TARGETED_DEVICE_FAMILY = "1,2";
				TEST_TARGET_NAME = Vitae;
			};
			name = Debug;
		};
		22E627F823DCB0CA00BE5818 /* Release */ = {
			isa = XCBuildConfiguration;
			baseConfigurationReference = DE1A856A2EA71DD702B6CEB0 /* Pods-VitaeUITests.release.xcconfig */;
			buildSettings = {
				ALWAYS_EMBED_SWIFT_STANDARD_LIBRARIES = YES;
				CODE_SIGN_STYLE = Automatic;
				DEVELOPMENT_TEAM = 8QXX34BUXT;
				INFOPLIST_FILE = VitaeUITests/Info.plist;
				LD_RUNPATH_SEARCH_PATHS = (
					"$(inherited)",
					"@executable_path/Frameworks",
					"@loader_path/Frameworks",
				);
				PRODUCT_BUNDLE_IDENTIFIER = avs.VitaeUITests;
				PRODUCT_NAME = "$(TARGET_NAME)";
				SWIFT_VERSION = 5.0;
				TARGETED_DEVICE_FAMILY = "1,2";
				TEST_TARGET_NAME = Vitae;
			};
			name = Release;
		};
/* End XCBuildConfiguration section */

/* Begin XCConfigurationList section */
		22E627C123DCB0C800BE5818 /* Build configuration list for PBXProject "Vitae" */ = {
			isa = XCConfigurationList;
			buildConfigurations = (
				22E627EE23DCB0CA00BE5818 /* Debug */,
				22E627EF23DCB0CA00BE5818 /* Release */,
			);
			defaultConfigurationIsVisible = 0;
			defaultConfigurationName = Release;
		};
		22E627F023DCB0CA00BE5818 /* Build configuration list for PBXNativeTarget "Vitae" */ = {
			isa = XCConfigurationList;
			buildConfigurations = (
				22E627F123DCB0CA00BE5818 /* Debug */,
				22E627F223DCB0CA00BE5818 /* Release */,
			);
			defaultConfigurationIsVisible = 0;
			defaultConfigurationName = Release;
		};
		22E627F323DCB0CA00BE5818 /* Build configuration list for PBXNativeTarget "VitaeTests" */ = {
			isa = XCConfigurationList;
			buildConfigurations = (
				22E627F423DCB0CA00BE5818 /* Debug */,
				22E627F523DCB0CA00BE5818 /* Release */,
			);
			defaultConfigurationIsVisible = 0;
			defaultConfigurationName = Release;
		};
		22E627F623DCB0CA00BE5818 /* Build configuration list for PBXNativeTarget "VitaeUITests" */ = {
			isa = XCConfigurationList;
			buildConfigurations = (
				22E627F723DCB0CA00BE5818 /* Debug */,
				22E627F823DCB0CA00BE5818 /* Release */,
			);
			defaultConfigurationIsVisible = 0;
			defaultConfigurationName = Release;
		};
/* End XCConfigurationList section */
	};
	rootObject = 22E627BE23DCB0C800BE5818 /* Project object */;
}
